
Microsoft Visual Studio Solution File, Format Version 12.00
# Visual Studio Version 16
VisualStudioVersion = 16.0.30804.86
MinimumVisualStudioVersion = 10.0.40219.1
Project("{2150E333-8FDC-42A3-9474-1A3956D46DE8}") = "Solution items", "Solution items", "{CFC1EA84-C957-4BF0-98A3-CED4937EECED}"
EndProject
Project("{2150E333-8FDC-42A3-9474-1A3956D46DE8}") = "src", "src", "{70878389-290E-41CE-9B36-EB1665D8B268}"
EndProject
Project("{2150E333-8FDC-42A3-9474-1A3956D46DE8}") = "Test", "Test", "{A7F41133-33BE-4136-8F46-22E84C5EA218}"
EndProject
Project("{2150E333-8FDC-42A3-9474-1A3956D46DE8}") = "1 - Application", "1 - Application", "{5ACA13E6-3745-4171-A34F-FDFFBB771342}"
EndProject
Project("{2150E333-8FDC-42A3-9474-1A3956D46DE8}") = "2 - Domain", "2 - Domain", "{31C3A6DB-9BC1-44EB-A711-54E3FC61B22B}"
EndProject
Project("{2150E333-8FDC-42A3-9474-1A3956D46DE8}") = "3 - Service", "3 - Service", "{4464CEF8-AADD-4F3E-9FB7-7964608D5EE3}"
EndProject
Project("{2150E333-8FDC-42A3-9474-1A3956D46DE8}") = "4 -Infra", "4 -Infra", "{D3B8D0C2-5443-4D88-90FD-D6AA387BFE4E}"
EndProject
Project("{FAE04EC0-301F-11D3-BF4B-00C04F79EFBC}") = "QSolzao.Application", "QSolzao.Application\QSolzao.Application.csproj", "{517B6A5B-F595-46D5-ADC3-19664529B11C}"
EndProject
Project("{FAE04EC0-301F-11D3-BF4B-00C04F79EFBC}") = "QSolzao.Domain", "src\QSolzao.Domain\QSolzao.Domain.csproj", "{D2CBF7DA-796E-4481-9B11-EF3C8ED85451}"
EndProject
Project("{FAE04EC0-301F-11D3-BF4B-00C04F79EFBC}") = "QSolzao.Service", "QSolzao.Service\QSolzao.Service.csproj", "{006D45F5-6A1F-4431-A754-D71BDA2B9A0B}"
EndProject
Project("{2150E333-8FDC-42A3-9474-1A3956D46DE8}") = "4.1 - Data", "4.1 - Data", "{8CAC20FD-1D19-4071-A39E-CB3E99FEB30A}"
EndProject
Project("{2150E333-8FDC-42A3-9474-1A3956D46DE8}") = "4.2 - CrossCutting", "4.2 - CrossCutting", "{E52832B8-2481-4536-95FF-8876000F0F75}"
EndProject
Project("{2150E333-8FDC-42A3-9474-1A3956D46DE8}") = "4.3 - Shared", "4.3 - Shared", "{0C5C8E50-1573-4FD8-AAC7-885CE0E9F4B8}"
EndProject
Project("{FAE04EC0-301F-11D3-BF4B-00C04F79EFBC}") = "QSolzao.Infra.Data", "QSolzao.Infra.Data\QSolzao.Infra.Data.csproj", "{44BA981C-046C-4585-83BD-69BE9BFA3901}"
EndProject
Project("{FAE04EC0-301F-11D3-BF4B-00C04F79EFBC}") = "QSolzao.Infra.CrossCutting", "QSolzao.Infra.CrossCutting\QSolzao.Infra.CrossCutting.csproj", "{46AF3C1F-3527-4D3C-8725-3AA12E939168}"
EndProject
Project("{FAE04EC0-301F-11D3-BF4B-00C04F79EFBC}") = "QSolzao.Infra.Shared", "QSolzao.Infra.Shared\QSolzao.Infra.Shared.csproj", "{ADA01176-925C-4B17-9383-E96365E45984}"
EndProject
Global
	GlobalSection(SolutionConfigurationPlatforms) = preSolution
		Debug|Any CPU = Debug|Any CPU
		Release|Any CPU = Release|Any CPU
	EndGlobalSection
	GlobalSection(ProjectConfigurationPlatforms) = postSolution
		{517B6A5B-F595-46D5-ADC3-19664529B11C}.Debug|Any CPU.ActiveCfg = Debug|Any CPU
		{517B6A5B-F595-46D5-ADC3-19664529B11C}.Debug|Any CPU.Build.0 = Debug|Any CPU
		{517B6A5B-F595-46D5-ADC3-19664529B11C}.Release|Any CPU.ActiveCfg = Release|Any CPU
		{517B6A5B-F595-46D5-ADC3-19664529B11C}.Release|Any CPU.Build.0 = Release|Any CPU
		{D2CBF7DA-796E-4481-9B11-EF3C8ED85451}.Debug|Any CPU.ActiveCfg = Debug|Any CPU
		{D2CBF7DA-796E-4481-9B11-EF3C8ED85451}.Debug|Any CPU.Build.0 = Debug|Any CPU
		{D2CBF7DA-796E-4481-9B11-EF3C8ED85451}.Release|Any CPU.ActiveCfg = Release|Any CPU
		{D2CBF7DA-796E-4481-9B11-EF3C8ED85451}.Release|Any CPU.Build.0 = Release|Any CPU
		{006D45F5-6A1F-4431-A754-D71BDA2B9A0B}.Debug|Any CPU.ActiveCfg = Debug|Any CPU
		{006D45F5-6A1F-4431-A754-D71BDA2B9A0B}.Debug|Any CPU.Build.0 = Debug|Any CPU
		{006D45F5-6A1F-4431-A754-D71BDA2B9A0B}.Release|Any CPU.ActiveCfg = Release|Any CPU
		{006D45F5-6A1F-4431-A754-D71BDA2B9A0B}.Release|Any CPU.Build.0 = Release|Any CPU
		{44BA981C-046C-4585-83BD-69BE9BFA3901}.Debug|Any CPU.ActiveCfg = Debug|Any CPU
		{44BA981C-046C-4585-83BD-69BE9BFA3901}.Debug|Any CPU.Build.0 = Debug|Any CPU
		{44BA981C-046C-4585-83BD-69BE9BFA3901}.Release|Any CPU.ActiveCfg = Release|Any CPU
		{44BA981C-046C-4585-83BD-69BE9BFA3901}.Release|Any CPU.Build.0 = Release|Any CPU
		{46AF3C1F-3527-4D3C-8725-3AA12E939168}.Debug|Any CPU.ActiveCfg = Debug|Any CPU
		{46AF3C1F-3527-4D3C-8725-3AA12E939168}.Debug|Any CPU.Build.0 = Debug|Any CPU
		{46AF3C1F-3527-4D3C-8725-3AA12E939168}.Release|Any CPU.ActiveCfg = Release|Any CPU
		{46AF3C1F-3527-4D3C-8725-3AA12E939168}.Release|Any CPU.Build.0 = Release|Any CPU
		{ADA01176-925C-4B17-9383-E96365E45984}.Debug|Any CPU.ActiveCfg = Debug|Any CPU
		{ADA01176-925C-4B17-9383-E96365E45984}.Debug|Any CPU.Build.0 = Debug|Any CPU
		{ADA01176-925C-4B17-9383-E96365E45984}.Release|Any CPU.ActiveCfg = Release|Any CPU
		{ADA01176-925C-4B17-9383-E96365E45984}.Release|Any CPU.Build.0 = Release|Any CPU
	EndGlobalSection
	GlobalSection(SolutionProperties) = preSolution
		HideSolutionNode = FALSE
	EndGlobalSection
	GlobalSection(NestedProjects) = preSolution
		{5ACA13E6-3745-4171-A34F-FDFFBB771342} = {70878389-290E-41CE-9B36-EB1665D8B268}
		{31C3A6DB-9BC1-44EB-A711-54E3FC61B22B} = {70878389-290E-41CE-9B36-EB1665D8B268}
		{4464CEF8-AADD-4F3E-9FB7-7964608D5EE3} = {70878389-290E-41CE-9B36-EB1665D8B268}
		{D3B8D0C2-5443-4D88-90FD-D6AA387BFE4E} = {70878389-290E-41CE-9B36-EB1665D8B268}
		{517B6A5B-F595-46D5-ADC3-19664529B11C} = {5ACA13E6-3745-4171-A34F-FDFFBB771342}
		{D2CBF7DA-796E-4481-9B11-EF3C8ED85451} = {31C3A6DB-9BC1-44EB-A711-54E3FC61B22B}
		{006D45F5-6A1F-4431-A754-D71BDA2B9A0B} = {4464CEF8-AADD-4F3E-9FB7-7964608D5EE3}
		{8CAC20FD-1D19-4071-A39E-CB3E99FEB30A} = {D3B8D0C2-5443-4D88-90FD-D6AA387BFE4E}
		{E52832B8-2481-4536-95FF-8876000F0F75} = {D3B8D0C2-5443-4D88-90FD-D6AA387BFE4E}
		{0C5C8E50-1573-4FD8-AAC7-885CE0E9F4B8} = {D3B8D0C2-5443-4D88-90FD-D6AA387BFE4E}
		{44BA981C-046C-4585-83BD-69BE9BFA3901} = {8CAC20FD-1D19-4071-A39E-CB3E99FEB30A}
		{46AF3C1F-3527-4D3C-8725-3AA12E939168} = {E52832B8-2481-4536-95FF-8876000F0F75}
		{ADA01176-925C-4B17-9383-E96365E45984} = {0C5C8E50-1573-4FD8-AAC7-885CE0E9F4B8}
	EndGlobalSection
	GlobalSection(ExtensibilityGlobals) = postSolution
		SolutionGuid = {813A9BDA-1B30-4D4D-AB1B-5BB6EB2D5CD6}
	EndGlobalSection
EndGlobal
